<?xml version="1.0" encoding="utf-8"?>
<Project ToolsVersion="4.0" xmlns="http://schemas.microsoft.com/developer/msbuild/2003">
  <ItemGroup>
    <Filter Include="源文件">
      <UniqueIdentifier>{4FC737F1-C7A5-4376-A066-2A32D752A2FF}</UniqueIdentifier>
      <Extensions>cpp;c;cc;cxx;c++;cppm;ixx;def;odl;idl;hpj;bat;asm;asmx</Extensions>
    </Filter>
    <Filter Include="头文件">
      <UniqueIdentifier>{93995380-89BD-4b04-88EB-625FBE52EBFB}</UniqueIdentifier>
      <Extensions>h;hh;hpp;hxx;h++;hm;inl;inc;ipp;xsd</Extensions>
    </Filter>
    <Filter Include="资源文件">
      <UniqueIdentifier>{67DA6AB6-F800-4c08-8B7A-83BB121AAD01}</UniqueIdentifier>
      <Extensions>rc;ico;cur;bmp;dlg;rc2;rct;bin;rgs;gif;jpg;jpeg;jpe;resx;tiff;tif;png;wav;mfcribbon-ms</Extensions>
    </Filter>
  </ItemGroup>
  <ItemGroup>
    <ClInclude Include="include\utils\memory.h">
      <Filter>头文件</Filter>
    </ClInclude>
    <ClInclude Include="include\includes.h">
      <Filter>头文件</Filter>
    </ClInclude>
    <ClInclude Include="include\pandora\pandora.h">
      <Filter>头文件</Filter>
    </ClInclude>
    <ClInclude Include="include\hooks\hooks.h">
      <Filter>头文件</Filter>
    </ClInclude>
    <ClInclude Include="include\minhook\minhook.h">
      <Filter>头文件</Filter>
    </ClInclude>
  </ItemGroup>
  <ItemGroup>
    <ClCompile Include="src\utils\memory.cpp">
      <Filter>源文件</Filter>
    </ClCompile>
    <ClCompile Include="src\dllmain.cpp">
      <Filter>源文件</Filter>
    </ClCompile>
    <ClCompile Include="src\pandora\pandora.cpp">
      <Filter>源文件</Filter>
    </ClCompile>
    <ClCompile Include="src\pandora\segment.cpp">
      <Filter>源文件</Filter>
    </ClCompile>
    <ClCompile Include="src\pandora\imports.cpp">
      <Filter>源文件</Filter>
    </ClCompile>
    <ClCompile Include="src\pandora\hooks.cpp">
      <Filter>源文件</Filter>
    </ClCompile>
    <ClCompile Include="src\pandora\patches.cpp">
      <Filter>源文件</Filter>
    </ClCompile>
    <ClCompile Include="src\hooks\pandora\connect.cpp">
      <Filter>源文件</Filter>
    </ClCompile>
    <ClCompile Include="src\hooks\pandora\send.cpp">
      <Filter>源文件</Filter>
    </ClCompile>
    <ClCompile Include="src\hooks\pandora\get_current_process_id.cpp">
      <Filter>源文件</Filter>
    </ClCompile>
    <ClCompile Include="src\hooks\pandora\scan_signature.cpp">
      <Filter>源文件</Filter>
    </ClCompile>
    <ClCompile Include="src\pandora\signatures.cpp">
      <Filter>源文件</Filter>
    </ClCompile>
    <ClCompile Include="src\hooks\pandora\get_interface.cpp">
      <Filter>源文件</Filter>
    </ClCompile>
    <ClCompile Include="src\pandora\interfaces.cpp">
      <Filter>源文件</Filter>
    </ClCompile>
    <ClCompile Include="src\pandora\crash_handler.cpp">
      <Filter>源文件</Filter>
    </ClCompile>
    <ClCompile Include="src\pandora\relocations.cpp">
      <Filter>源文件</Filter>
    </ClCompile>
    <ClCompile Include="src\hooks\pandora\get_address_from_server.cpp">
      <Filter>源文件</Filter>
    </ClCompile>
    <ClCompile Include="src\hooks\pandora\replace_user_name.cpp">
      <Filter>源文件</Filter>
    </ClCompile>
  </ItemGroup>
  <ItemGroup>
    <Library Include="min_hook.lib" />
  </ItemGroup>
</Project>